
Microsoft Visual Studio Solution File, Format Version 12.00
# Visual Studio Version 16
VisualStudioVersion = 16.0.31005.135
MinimumVisualStudioVersion = 10.0.40219.1
Project("{FAE04EC0-301F-11D3-BF4B-00C04F79EFBC}") = "WebApi1", "WebApi1.csproj", "{883AED41-9BF3-4F69-9ED8-83A811F53A8F}"
EndProject
Global
	GlobalSection(SolutionConfigurationPlatforms) = preSolution
		Debug|Any CPU = Debug|Any CPU
		Release|Any CPU = Release|Any CPU
	EndGlobalSection
	GlobalSection(ProjectConfigurationPlatforms) = postSolution
		{883AED41-9BF3-4F69-9ED8-83A811F53A8F}.Debug|Any CPU.ActiveCfg = Debug|Any CPU
		{883AED41-9BF3-4F69-9ED8-83A811F53A8F}.Debug|Any CPU.Build.0 = Debug|Any CPU
		{883AED41-9BF3-4F69-9ED8-83A811F53A8F}.Release|Any CPU.ActiveCfg = Release|Any CPU
		{883AED41-9BF3-4F69-9ED8-83A811F53A8F}.Release|Any CPU.Build.0 = Release|Any CPU
	EndGlobalSection
	GlobalSection(SolutionProperties) = preSolution
		HideSolutionNode = FALSE
	EndGlobalSection
	GlobalSection(ExtensibilityGlobals) = postSolution
		SolutionGuid = {C9323E93-9BA2-45DB-B57C-8E68425106FB}
	EndGlobalSection
EndGlobal
